{
  "lockfileVersion": 2,
  "configVersion": 1,
  "workspaces": {
    "": {
      "name": "local-ai-runtime-manager",
      "devDependencies": {
        "@types/bun": "^1.4.0",
        "spec-html": "0.1.6",
        "typescript": "5.9.2",
        "yaml": "^2.9.0",
        "zod": "^4.4.3",
      },
    },
    "apps/daemon": {
      "name": "@larm/daemon",
      "dependencies": {
        "@larm/backends": "workspace:*",
        "@larm/core": "workspace:*",
        "hono": "^4",
        "zod": "^4.4.3",
      },
    },
    "packages/backends": {
      "name": "@larm/backends",
      "dependencies": {
        "@larm/core": "workspace:*",
        "@node-rs/crc32": "1.10.7",
      },
    },
    "packages/client": {
      "name": "@larm/client",
      "dependencies": {
        "@larm/core": "workspace:*",
      },
    },
    "packages/core": {
      "name": "@larm/core",
      "dependencies": {
        "yaml": "^2.9.0",
        "zod": "^4.4.3",
      },
    },
  },
  "packages": {
    "@asamuzakjp/css-color": ["@asamuzakjp/css-color@3.2.0", "", { "dependencies": { "@csstools/css-calc": "^2.1.3", "@csstools/css-color-parser": "^3.0.9", "@csstools/css-parser-algorithms": "^3.0.4", "@csstools/css-tokenizer": "^3.0.3", "lru-cache": "^10.4.3" } }, "sha512-K1A6z8tS3XsmCMM86xoWdn7Fkdn9m6RSVtocUrJYIwZnFVkng/PvkEoWtOWmP+Scc6saYWHWZYbndEEXxl24jw=="],

    "@csstools/color-helpers": ["@csstools/color-helpers@5.1.0", "", {}, "sha512-S11EXWJyy0Mz5SYvRmY8nJYTFFd1LCNV+7cXyAgQtOOuzb4EsgfqDufL+9esx72/eLhsRdGZwaldu/h+E4t4BA=="],

    "@csstools/css-calc": ["@csstools/css-calc@2.1.4", "", { "peerDependencies": { "@csstools/css-parser-algorithms": "^3.0.5", "@csstools/css-tokenizer": "^3.0.4" } }, "sha512-3N8oaj+0juUw/1H3YwmDDJXCgTB1gKU6Hc/bB502u9zR0q2vd786XJH9QfrKIEgFlZmhZiq6epXl4rHqhzsIgQ=="],

    "@csstools/css-color-parser": ["@csstools/css-color-parser@3.1.0", "", { "dependencies": { "@csstools/color-helpers": "^5.1.0", "@csstools/css-calc": "^2.1.4" }, "peerDependencies": { "@csstools/css-parser-algorithms": "^3.0.5", "@csstools/css-tokenizer": "^3.0.4" } }, "sha512-nbtKwh3a6xNVIp/VRuXV64yTKnb1IjTAEEh3irzS+HkKjAOYLTGNb9pmVNntZ8iVBHcWDA2Dof0QtPgFI1BaTA=="],

    "@csstools/css-parser-algorithms": ["@csstools/css-parser-algorithms@3.0.5", "", { "peerDependencies": { "@csstools/css-tokenizer": "^3.0.4" } }, "sha512-DaDeUkXZKjdGhgYaHNJTV9pV7Y9B3b644jCLs9Upc3VeNGg6LWARAT6O+Q+/COo+2gg/bM5rhpMAtf70WqfBdQ=="],

    "@csstools/css-tokenizer": ["@csstools/css-tokenizer@3.0.4", "", {}, "sha512-Vd/9EVDiu6PPJt9yAh6roZP6El1xHrdvIVGjyBsHR0RYwNHgL7FJPyIIW4fANJNG6FtyZfvlRPpFI4ZM/lubvw=="],

    "@html-validate/stylish": ["@html-validate/stylish@5.2.0", "", {}, "sha512-7lF57/RTs2tZi0FtgY7Y5CP73Y2GEPPMaJ9PeZKRRUOs7Bt7/Qlqt8kdsAbVMO7GrpuWtUfGvR11riSOryioow=="],

    "@larm/backends": ["@larm/backends@workspace:packages/backends"],

    "@larm/client": ["@larm/client@workspace:packages/client"],

    "@larm/core": ["@larm/core@workspace:packages/core"],

    "@larm/daemon": ["@larm/daemon@workspace:apps/daemon"],

    "@node-rs/crc32": ["@node-rs/crc32@1.10.7", "", { "optionalDependencies": { "@node-rs/crc32-android-arm-eabi": "1.10.7", "@node-rs/crc32-android-arm64": "1.10.7", "@node-rs/crc32-darwin-arm64": "1.10.7", "@node-rs/crc32-darwin-x64": "1.10.7", "@node-rs/crc32-freebsd-x64": "1.10.7", "@node-rs/crc32-linux-arm-gnueabihf": "1.10.7", "@node-rs/crc32-linux-arm64-gnu": "1.10.7", "@node-rs/crc32-linux-arm64-musl": "1.10.7", "@node-rs/crc32-linux-x64-gnu": "1.10.7", "@node-rs/crc32-linux-x64-musl": "1.10.7", "@node-rs/crc32-win32-arm64-msvc": "1.10.7", "@node-rs/crc32-win32-ia32-msvc": "1.10.7", "@node-rs/crc32-win32-x64-msvc": "1.10.7" } }, "sha512-OwuyRAe9Lj0GoFVBFzTS6bTAV4i+Xd68sYbNUmLnI1GVkQIqVb9mzNrpKSZkBFiQD73CdMB/uKYsvk2bxq/eZg=="],

    "@node-rs/crc32-android-arm-eabi": ["@node-rs/crc32-android-arm-eabi@1.10.7", "", { "os": "android", "cpu": "arm" }, "sha512-mWNghDkwgoc5uJhhPx/LbgLoNAxnq6Sfz4pTxi4NWG7s5l+dPe7K+L4kXb0oOfwl3Yq3Ro7CNPGLrU4cmTXhaA=="],

    "@node-rs/crc32-android-arm64": ["@node-rs/crc32-android-arm64@1.10.7", "", { "os": "android", "cpu": "arm64" }, "sha512-lLUVm2H5HrSm/g2379JBRsSr5RCDqobP6I5sxZd+wSq6WBH2b6goilNYhxbss8gYQZLCJA09EvyFkZFFU9VuAQ=="],

    "@node-rs/crc32-darwin-arm64": ["@node-rs/crc32-darwin-arm64@1.10.7", "", { "os": "darwin", "cpu": "arm64" }, "sha512-8slhmrRa3B3/z+MnLgST+lR5T0Oic60YTQ3S9OIHP259GiktlmdYyebhAvy0bBcyCuScLDcW0EB3sXxWw1TCbQ=="],

    "@node-rs/crc32-darwin-x64": ["@node-rs/crc32-darwin-x64@1.10.7", "", { "os": "darwin", "cpu": "x64" }, "sha512-+RkQ2+jSWco0WqSPq7GWJlJwmJpIGA79OoToGTSAsqgypkls4i3PlexVTPrfepuHn3whpa4GrmjvLbRm5RXgCQ=="],

    "@node-rs/crc32-freebsd-x64": ["@node-rs/crc32-freebsd-x64@1.10.7", "", { "os": "freebsd", "cpu": "x64" }, "sha512-yqtsf23JCO1gYt3/Rkk5aoVn1rINk/J7//A9EKwGstNpBBlN3t0JKD3QpGzEnqc1vS72lEvIeO9sO3XiH+hJWw=="],

    "@node-rs/crc32-linux-arm-gnueabihf": ["@node-rs/crc32-linux-arm-gnueabihf@1.10.7", "", { "os": "linux", "cpu": "arm" }, "sha512-AB/I1GO9LDIIHiur2bexqPy30740AmBjEhO8ij9k9desVO41dN5/ddTU2+xbf9TYt2XXvku1qYbtf5YHAAVFAw=="],

    "@node-rs/crc32-linux-arm64-gnu": ["@node-rs/crc32-linux-arm64-gnu@1.10.7", "", { "os": "linux", "cpu": "arm64" }, "sha512-0lPFuudkW+bpeXUZAqz6FSml6Z2JvF52UGSALvnDS8Qyg3wKBNWjcXy78Pw1wiIGao/AAFFr74I3OwCMzYujuQ=="],

    "@node-rs/crc32-linux-arm64-musl": ["@node-rs/crc32-linux-arm64-musl@1.10.7", "", { "os": "linux", "cpu": "arm64" }, "sha512-lx5m7iCmdXPGigG7AI5NiawWsiJ1HwR/w6PV8XN48HNsgzdjar0ISB8TSLtJpq+jFcj10Wcz3Rt43RA72652Vg=="],

    "@node-rs/crc32-linux-x64-gnu": ["@node-rs/crc32-linux-x64-gnu@1.10.7", "", { "os": "linux", "cpu": "x64" }, "sha512-If3ogA9D2XKKb8vHttu+jl3BTWT7UCTgmrXmUAwQABH45iK32AZ9OoMcrg2rWKKXgGpG6x3IslFBgzdOkObDnA=="],

    "@node-rs/crc32-linux-x64-musl": ["@node-rs/crc32-linux-x64-musl@1.10.7", "", { "os": "linux", "cpu": "x64" }, "sha512-XxuxZYJhQBlo2rRnyOOummZSyBdC+jHpXWM9XSWs1LWfsgc36IauKY+XXRAJwKwefx8lwmMjqp6T/Zq9frU87w=="],

    "@node-rs/crc32-win32-arm64-msvc": ["@node-rs/crc32-win32-arm64-msvc@1.10.7", "", { "os": "win32", "cpu": "arm64" }, "sha512-Rs8TGuvxgpkteSLhPqAb3DOqqRO1jiYghdMxozl+P3Ftep1hTWL8+gwYF5dtu1BtdOJpz23A+8GehSuwl96MrQ=="],

    "@node-rs/crc32-win32-ia32-msvc": ["@node-rs/crc32-win32-ia32-msvc@1.10.7", "", { "os": "win32", "cpu": "ia32" }, "sha512-G/xNcmblMH6Z7KBX02XJPJj2UGo6eTgFa+r5ZU17O8V5P9iQLrKqs/T7Sz40otDxazD1maSXT/zA8Q7rBu2/3g=="],

    "@node-rs/crc32-win32-x64-msvc": ["@node-rs/crc32-win32-x64-msvc@1.10.7", "", { "os": "win32", "cpu": "x64" }, "sha512-1uXrMu17uz12WPdii84NXmoQsoPdmSQViyCMJPu0KQuwnhErQCA4PoGK+dih9jY0mrcLuzR1r5wXVaE049fJ6w=="],

    "@sidvind/better-ajv-errors": ["@sidvind/better-ajv-errors@5.0.0", "", { "dependencies": { "kleur": "^4.1.0" }, "peerDependencies": { "ajv": "^7.0.0 || ^8.0.0" } }, "sha512-FeI/V2KGtOaDX+r0akidCGYy79lVR4YnAqk1GFgZFuHADErCAEmtZL4+IdCAcDXHqfZsII3fs9DrfC1pIR+19w=="],

    "@types/bun": ["@types/bun@1.4.0", "", { "dependencies": { "bun-types": "1.4.0" } }, "sha512-K+lZULY23vRgK/CfTjFIV+tyifaNdSMlPh9j+6mQ/cLfpOznLyAuzgV/JQysyECpkBQLVMSyvjlr2fBUSA9wFQ=="],

    "@types/node": ["@types/node@26.3.0", "", { "dependencies": { "undici-types": "~8.3.0" } }, "sha512-L3fgrnchriRC2ExBflb8j4uZZURHZfQsmQeyVzhjcHW4kkwVyo8/0h1B2MVzMTrYUJYu6G7EWs14hW/L9putqw=="],

    "agent-base": ["agent-base@7.1.4", "", {}, "sha512-MnA+YT8fwfJPgBx3m60MNqakm30XOkyIoH1y6huTQvC0PwZG7ki8NacLBcrPbNoo8vEZy7Jpuk7+jMO+CUovTQ=="],

    "ajv": ["ajv@8.20.0", "", { "dependencies": { "fast-deep-equal": "^3.1.3", "fast-uri": "^3.0.1", "json-schema-traverse": "^1.0.0", "require-from-string": "^2.0.2" } }, "sha512-Thbli+OlOj+iMPYFBVBfJ3OmCAnaSyNn4M1vz9T6Gka5Jt9ba/HIR56joy65tY6kx/FCF5VXNB819Y7/GUrBGA=="],

    "balanced-match": ["balanced-match@4.0.4", "", {}, "sha512-BLrgEcRTwX2o6gGxGOCNyMvGSp35YofuYzw9h1IMTRmKqttAZZVU67bdb9Pr2vUHA8+j3i2tJfjO6C6+4myGTA=="],

    "brace-expansion": ["brace-expansion@5.0.9", "", { "dependencies": { "balanced-match": "^4.0.2" } }, "sha512-ScQ4IuvIEF1TMlP7Zt+vjJ//9zlPb2SDcxWxM3bk8s6t6GGdJ7KO1dCcTidOPJKePW30LE/2cT7wCyPho9/Wxg=="],

    "bun-types": ["bun-types@1.4.0", "", { "dependencies": { "@types/node": "*" } }, "sha512-iIKw23BspnQQYd3prITOBxeUsxBHnwzX6YJfGMuNOZzeNcMmVqzIIVGRm1l69ogaPQmb4wB6BN8mA5bE9YuC5Q=="],

    "bundle-name": ["bundle-name@4.1.0", "", { "dependencies": { "run-applescript": "^7.0.0" } }, "sha512-tjwM5exMg6BGRI+kNmTntNsvdZS1X8BFYS6tnJ2hdH0kVxM6/eVZ2xy+FqStSWvYmtfFMDLIxurorHwDKfDz5Q=="],

    "cssstyle": ["cssstyle@4.6.0", "", { "dependencies": { "@asamuzakjp/css-color": "^3.2.0", "rrweb-cssom": "^0.8.0" } }, "sha512-2z+rWdzbbSZv6/rhtvzvqeZQHrBaqgogqt85sqFNbabZOuFbCVFb8kPeEtZjiKkbrm395irpNKiYeFeLiQnFPg=="],

    "data-urls": ["data-urls@5.0.0", "", { "dependencies": { "whatwg-mimetype": "^4.0.0", "whatwg-url": "^14.0.0" } }, "sha512-ZYP5VBHshaDAiVZxjbRVcFJpc+4xGgT0bK3vzy1HLN8jTO975HEbuYzZJcHoQEY5K1a0z8YayJkyVETa08eNTg=="],

    "debug": ["debug@4.4.3", "", { "dependencies": { "ms": "^2.1.3" }, "peerDependencies": { "supports-color": "*" }, "optionalPeers": ["supports-color"] }, "sha512-RGwwWnwQvkVfavKVt22FGLw+xYSdzARwm0ru6DhTVA3umU5hZc28V3kO4stgYryrTlLpuvgI9GiijltAjNbcqA=="],

    "decimal.js": ["decimal.js@10.6.0", "", {}, "sha512-YpgQiITW3JXGntzdUmyUR1V812Hn8T1YVXhCu+wO3OpS4eU9l4YdD3qjyiKdV6mvV29zapkMeD390UVEf2lkUg=="],

    "default-browser": ["default-browser@5.5.1", "", { "dependencies": { "bundle-name": "^4.1.0", "default-browser-id": "^5.0.0" } }, "sha512-m1pAzaJgZ/gssEqlOhJkPJp8Xly7QyW6xcrkUa2KKcDeDSEMP7X8xipU3snUcfisTQx0w1AGae+9UtJSfVnXGw=="],

    "default-browser-id": ["default-browser-id@5.0.1", "", {}, "sha512-x1VCxdX4t+8wVfd1so/9w+vQ4vx7lKd2Qp5tDRutErwmR85OgmfX7RlLRMWafRMY7hbEiXIbudNrjOAPa/hL8Q=="],

    "define-lazy-prop": ["define-lazy-prop@3.0.0", "", {}, "sha512-N+MeXYoqr3pOgn8xfyRPREN7gHakLYjhsHhWGT3fWAiL4IkAt0iDw14QiiEm2bE30c5XX5q0FtAA3CK5f9/BUg=="],

    "entities": ["entities@6.0.1", "", {}, "sha512-aN97NXWF6AWBTahfVOIrB/NShkzi5H7F9r1s9mD3cDj4Ko5f2qhhVoYMibXF7GlLveb/D2ioWay8lxI97Ven3g=="],

    "fast-deep-equal": ["fast-deep-equal@3.1.3", "", {}, "sha512-f3qQ9oQy9j2AhBe/H9VC91wLmKBCCU/gDOnKNAYG5hswO7BLKj09Hc5HYNz9cGI++xlpDCIgDaitVs03ATR84Q=="],

    "fast-uri": ["fast-uri@3.1.6", "", {}, "sha512-7Ical1vFEMr0onbVzEDIreM22I4khW+fzyQPwvAFWBp1iwdshSZRsL4jjRvPG9JP1uiqMHRto+YU6R2/CzDz5Q=="],

    "github-slugger": ["github-slugger@2.0.0", "", {}, "sha512-IaOQ9puYtjrkq7Y0Ygl9KDZnrf/aiUJYUpVf89y8kyaxbRG7Y1SrX/jaumrv81vc61+kiMempujsM3Yw7w5qcw=="],

    "glob": ["glob@13.0.6", "", { "dependencies": { "minimatch": "^10.2.2", "minipass": "^7.1.3", "path-scurry": "^2.0.2" } }, "sha512-Wjlyrolmm8uDpm/ogGyXZXb1Z+Ca2B8NbJwqBVg0axK9GbBeoS7yGV6vjXnYdGm6X53iehEuxxbyiKp8QmN4Vw=="],

    "hono": ["hono@4.13.5", "", {}, "sha512-O6+/eCYRkzzzy0rPWwKLiGBR1nFuUPZynnwjxN1MBA62NNqbT0wQEzQyK2gSO5yDIDB336sXQleAhOHrzlYyKw=="],

    "html-encoding-sniffer": ["html-encoding-sniffer@4.0.0", "", { "dependencies": { "whatwg-encoding": "^3.1.1" } }, "sha512-Y22oTqIU4uuPgEemfz7NDJz6OeKf12Lsu+QC+s3BVpda64lTiMYCyGwg5ki4vFxkMwQdeZDl2adZoqUgdFuTgQ=="],

    "html-validate": ["html-validate@10.17.0", "", { "dependencies": { "@html-validate/stylish": "^5.2.0", "@sidvind/better-ajv-errors": "5.0.0", "ajv": "^8.0.0", "glob": "^13.0.0", "kleur": "^4.1.0", "minimist": "^1.2.0", "prompts": "^2.0.0", "semver": "^7.0.0" }, "peerDependencies": { "@jest/globals": "^28.1.3 || ^29.0.3 || ^30.0.0", "jest": "^28.1.3 || ^29.0.3 || ^30.0.0", "jest-diff": "^28.1.3 || ^29.0.3 || ^30.0.0", "jest-snapshot": "^28.1.3 || ^29.0.3 || ^30.0.0", "vitest": "^1.0.0 || ^2.0.0 || ^3.0.0 || ^4.0.1" }, "optionalPeers": ["@jest/globals", "jest", "jest-diff", "jest-snapshot", "vitest"], "bin": { "html-validate": "bin/html-validate.mjs" } }, "sha512-1WO3hgxqSE0YfV12u5V4ZNUO4mulMrfuxEOlmwM9bEeMlqs9g1OE+EXzxQ4KwNojsYFDmaEYcRPf+zUpAzO/WA=="],

    "http-proxy-agent": ["http-proxy-agent@7.0.2", "", { "dependencies": { "agent-base": "^7.1.0", "debug": "^4.3.4" } }, "sha512-T1gkAiYYDWYx3V5Bmyu7HcfcvL7mUrTWiM6yOfa3PIphViJ/gFPbvidQ+veqSOHci/PxBcDabeUNCzpOODJZig=="],

    "https-proxy-agent": ["https-proxy-agent@7.0.6", "", { "dependencies": { "agent-base": "^7.1.2", "debug": "4" } }, "sha512-vK9P5/iUfdl95AI+JVyUuIcVtd4ofvtrOr3HNtM2yxC9bnMbEdp3x01OhQNnjb8IJYi38VlTE3mBXwcfvywuSw=="],

    "iconv-lite": ["iconv-lite@0.6.3", "", { "dependencies": { "safer-buffer": ">= 2.1.2 < 3.0.0" } }, "sha512-4fCk79wshMdzMp2rH06qWrJE4iolqLhCUH+OiuIgU++RB0+94NlDL81atO7GX55uUKueo0txHNtvEyI6D7WdMw=="],

    "is-docker": ["is-docker@3.0.0", "", { "bin": { "is-docker": "cli.js" } }, "sha512-eljcgEDlEns/7AXFosB5K/2nCM4P7FQPkGc/DWLy5rmFEWvZayGrik1d9/QIY5nJ4f9YsVvBkA6kJpHn9rISdQ=="],

    "is-in-ssh": ["is-in-ssh@1.0.0", "", {}, "sha512-jYa6Q9rH90kR1vKB6NM7qqd1mge3Fx4Dhw5TVlK1MUBqhEOuCagrEHMevNuCcbECmXZ0ThXkRm+Ymr51HwEPAw=="],

    "is-inside-container": ["is-inside-container@1.0.0", "", { "dependencies": { "is-docker": "^3.0.0" }, "bin": { "is-inside-container": "cli.js" } }, "sha512-KIYLCCJghfHZxqjYBE7rEy0OBuTd5xCHS7tHVgvCLkx7StIoaxwNW3hCALgEUjFfeRk+MG/Qxmp/vtETEF3tRA=="],

    "is-potential-custom-element-name": ["is-potential-custom-element-name@1.0.1", "", {}, "sha512-bCYeRA2rVibKZd+s2625gGnGF/t7DSqDs4dP7CrLA1m7jKWz6pps0LpYLJN8Q64HtmPKJ1hrN3nzPNKFEKOUiQ=="],

    "is-wsl": ["is-wsl@3.1.1", "", { "dependencies": { "is-inside-container": "^1.0.0" } }, "sha512-e6rvdUCiQCAuumZslxRJWR/Doq4VpPR82kqclvcS0efgt430SlGIk05vdCN58+VrzgtIcfNODjozVielycD4Sw=="],

    "jsdom": ["jsdom@26.1.0", "", { "dependencies": { "cssstyle": "^4.2.1", "data-urls": "^5.0.0", "decimal.js": "^10.5.0", "html-encoding-sniffer": "^4.0.0", "http-proxy-agent": "^7.0.2", "https-proxy-agent": "^7.0.6", "is-potential-custom-element-name": "^1.0.1", "nwsapi": "^2.2.16", "parse5": "^7.2.1", "rrweb-cssom": "^0.8.0", "saxes": "^6.0.0", "symbol-tree": "^3.2.4", "tough-cookie": "^5.1.1", "w3c-xmlserializer": "^5.0.0", "webidl-conversions": "^7.0.0", "whatwg-encoding": "^3.1.1", "whatwg-mimetype": "^4.0.0", "whatwg-url": "^14.1.1", "ws": "^8.18.0", "xml-name-validator": "^5.0.0" }, "peerDependencies": { "canvas": "^3.0.0" }, "optionalPeers": ["canvas"] }, "sha512-Cvc9WUhxSMEo4McES3P7oK3QaXldCfNWp7pl2NNeiIFlCoLr3kfq9kb1fxftiwk1FLV7CvpvDfonxtzUDeSOPg=="],

    "json-schema-traverse": ["json-schema-traverse@1.0.0", "", {}, "sha512-NM8/P9n3XjXhIZn1lLhkFaACTOURQXjWhV4BA/RnOv8xvgqtqpAX9IO4mRQxSx1Rlo4tqzeqb0sOlruaOy3dug=="],

    "kleur": ["kleur@4.1.5", "", {}, "sha512-o+NO+8WrRiQEE4/7nwRJhN1HWpVmJm511pBHUxPLtp0BUISzlBplORYSmTclCnJvQq2tKu/sgl3xVpkc7ZWuQQ=="],

    "lru-cache": ["lru-cache@11.5.2", "", {}, "sha512-4pfM1Ff0x50o0tQwb5ucw/RzNyD0/YJME6IVcStalZuMWxdt3sR3huStTtxz4PUmvZfRguvDejasvQ2kifR11g=="],

    "marked": ["marked@18.0.10", "", { "bin": { "marked": "bin/marked.js" } }, "sha512-FJeH4bRpYoXiggcgriCGItKCSv3xkngJc4QCZ/rkQCogU3VYaLxYJoZl8Nw/b4+x7iij/pd+09mZ6A1dXzpL0A=="],

    "minimatch": ["minimatch@10.2.6", "", { "dependencies": { "brace-expansion": "^5.0.8" } }, "sha512-vpLQEs+VLCr1nU0BXS07maYoFwlDAH0gngQuuttxIwutDFEMHq2blX+8vpgxDdK3J1PwjCJiep77OitTZ4Ll1A=="],

    "minimist": ["minimist@1.2.8", "", {}, "sha512-2yyAR8qBkN3YuheJanUpWC5U3bb5osDywNB8RzDVlDwDHbocAJveqqj1u8+SVD7jkWT4yvsHCpWqqWqAxb0zCA=="],

    "minipass": ["minipass@7.1.3", "", {}, "sha512-tEBHqDnIoM/1rXME1zgka9g6Q2lcoCkxHLuc7ODJ5BxbP5d4c2Z5cGgtXAku59200Cx7diuHTOYfSBD8n6mm8A=="],

    "ms": ["ms@2.1.3", "", {}, "sha512-6FlzubTLZG3J2a/NVCAleEhjzq5oxgHyaCU9yYXvcLsvoVaHJq/s5xXI6/XXP6tz7R9xAOtHnSO/tXtF3WRTlA=="],

    "nwsapi": ["nwsapi@2.2.24", "", {}, "sha512-7YRhZ3jS45LwmSCT4b2sVFHt/WuovaktDU07QrtOBY2PXskss5a9jfmR9jptyumwXST+rFjrmppMY1KT/yn35A=="],

    "open": ["open@11.0.1", "", { "dependencies": { "default-browser": "^5.4.0", "define-lazy-prop": "^3.0.0", "is-in-ssh": "^1.0.0", "is-inside-container": "^1.0.0", "powershell-utils": "^0.2.0", "wsl-utils": "^1.0.0" } }, "sha512-NzwMUB6C1D0+Kd+9iMS/H4k+Ck3cTX6Ckyfr/gAGlmvSE1LUQZnEZvWBi4PYmMwH/S5SMeTXnE+9uAz8uF+pWw=="],

    "parse5": ["parse5@7.3.0", "", { "dependencies": { "entities": "^6.0.0" } }, "sha512-IInvU7fabl34qmi9gY8XOVxhYyMyuH2xUNpb2q8/Y+7552KlejkRvqvD19nMoUW/uQGGbqNpA6Tufu5FL5BZgw=="],

    "path-scurry": ["path-scurry@2.0.2", "", { "dependencies": { "lru-cache": "^11.0.0", "minipass": "^7.1.2" } }, "sha512-3O/iVVsJAPsOnpwWIeD+d6z/7PmqApyQePUtCndjatj/9I5LylHvt5qluFaBT3I5h3r1ejfR056c+FCv+NnNXg=="],

    "powershell-utils": ["powershell-utils@0.2.0", "", {}, "sha512-ZlsFlG7MtSFCoc5xreOvBAozCJ6Pf06opgJjh9ONEv418xpZSAzNjstD36C6+JwOnfSqOW/9uDkqKjezTdxZhw=="],

    "prettier": ["prettier@3.9.6", "", { "bin": { "prettier": "bin/prettier.cjs" } }, "sha512-OpN0zzVdiaiAhxpuuj5efpIS4sY9j7bY6uR5mnj5yPzGkdkjNKSJeUThPb60Jw29QuAZgA4o+/iB49kFiaBX6g=="],

    "prompts": ["prompts@2.4.2", "", { "dependencies": { "kleur": "^3.0.3", "sisteransi": "^1.0.5" } }, "sha512-NxNv/kLguCA7p3jE8oL2aEBsrJWgAakBpgmgK6lpPWV+WuOmY6r2/zbAVnP+T8bQlA0nzHXSJSJW0Hq7ylaD2Q=="],

    "punycode": ["punycode@2.3.1", "", {}, "sha512-vYt7UD1U9Wg6138shLtLOvdAu+8DsC/ilFtEVHcH+wydcSpNE20AfSOduf6MkRFahL5FY7X1oU7nKVZFtfq8Fg=="],

    "require-from-string": ["require-from-string@2.0.2", "", {}, "sha512-Xf0nWe6RseziFMu+Ap9biiUbmplq6S9/p+7w7YXP/JBHhrUDDUhwa+vANyubuqfZWTveU//DYVGsDG7RKL/vEw=="],

    "rrweb-cssom": ["rrweb-cssom@0.8.0", "", {}, "sha512-guoltQEx+9aMf2gDZ0s62EcV8lsXR+0w8915TC3ITdn2YueuNjdAYh/levpU9nFaoChh9RUS5ZdQMrKfVEN9tw=="],

    "run-applescript": ["run-applescript@7.1.0", "", {}, "sha512-DPe5pVFaAsinSaV6QjQ6gdiedWDcRCbUuiQfQa2wmWV7+xC9bGulGI8+TdRmoFkAPaBXk8CrAbnlY2ISniJ47Q=="],

    "safer-buffer": ["safer-buffer@2.1.2", "", {}, "sha512-YZo3K82SD7Riyi0E1EQPojLz7kpepnSQI9IyPbHHg1XXXevb5dJI7tpyN2ADxGcQbHG7vcyRHk0cbwqcQriUtg=="],

    "saxes": ["saxes@6.0.0", "", { "dependencies": { "xmlchars": "^2.2.0" } }, "sha512-xAg7SOnEhrm5zI3puOOKyy1OMcMlIJZYNJY7xLBwSze0UjhPLnWfj2GF2EpT0jmzaJKIWKHLsaSSajf35bcYnA=="],

    "semver": ["semver@7.8.5", "", { "bin": { "semver": "bin/semver.js" } }, "sha512-Y7/KDsb8LjooZpwaqGyulO6DQlksgCncchHGk+sZIY4SBvUocMBEFH5Ur1fI4dV+Jvl0w6cjvucaIi40puRioA=="],

    "sisteransi": ["sisteransi@1.0.5", "", {}, "sha512-bLGGlR1QxBcynn2d5YmDX4MGjlZvy2MRBDRNHLJ8VI6l6+9FUiyTFNJ0IveOSP0bcXgVDPRcfGqA0pjaqUpfVg=="],

    "spec-html": ["spec-html@0.1.6", "", { "dependencies": { "github-slugger": "2.0.0", "html-validate": "10.17.0", "jsdom": "26.1.0", "marked": "18.0.10", "open": "11.0.1", "prettier": "3.9.6" }, "peerDependencies": { "chart.js": "^4.5.1", "mermaid": "^11.16.1" }, "optionalPeers": ["chart.js", "mermaid"], "bin": { "spec-html": "dist/cli.js" } }, "sha512-nYFjDCO1Xa7MsmM56YOJZjmQRKJztlRvzQq2qOcoekbHEIYF3eGJ2nBYthMDENcFgJX7eBkJwNXr9oWf54W62A=="],

    "symbol-tree": ["symbol-tree@3.2.4", "", {}, "sha512-9QNk5KwDF+Bvz+PyObkmSYjI5ksVUYtjW7AU22r2NKcfLJcXp96hkDWU3+XndOsUb+AQ9QhfzfCT2O+CNWT5Tw=="],

    "tldts": ["tldts@6.1.86", "", { "dependencies": { "tldts-core": "^6.1.86" }, "bin": { "tldts": "bin/cli.js" } }, "sha512-WMi/OQ2axVTf/ykqCQgXiIct+mSQDFdH2fkwhPwgEwvJ1kSzZRiinb0zF2Xb8u4+OqPChmyI6MEu4EezNJz+FQ=="],

    "tldts-core": ["tldts-core@6.1.86", "", {}, "sha512-Je6p7pkk+KMzMv2XXKmAE3McmolOQFdxkKw0R8EYNr7sELW46JqnNeTX8ybPiQgvg1ymCoF8LXs5fzFaZvJPTA=="],

    "tough-cookie": ["tough-cookie@5.1.2", "", { "dependencies": { "tldts": "^6.1.32" } }, "sha512-FVDYdxtnj0G6Qm/DhNPSb8Ju59ULcup3tuJxkFb5K8Bv2pUXILbf0xZWU8PX8Ov19OXljbUyveOFwRMwkXzO+A=="],

    "tr46": ["tr46@5.1.1", "", { "dependencies": { "punycode": "^2.3.1" } }, "sha512-hdF5ZgjTqgAntKkklYw0R03MG2x/bSzTtkxmIRw/sTNV8YXsCJ1tfLAX23lhxhHJlEf3CRCOCGGWw3vI3GaSPw=="],

    "typescript": ["typescript@5.9.2", "", { "bin": { "tsc": "bin/tsc", "tsserver": "bin/tsserver" } }, "sha512-CWBzXQrc/qOkhidw1OzBTQuYRbfyxDXJMVJ1XNwUHGROVmuaeiEm3OslpZ1RV96d7SKKjZKrSJu3+t/xlw3R9A=="],

    "undici-types": ["undici-types@8.3.0", "", {}, "sha512-j375ScV60dom+YkPFIfTLcOiPxkN/buHz5GobjLhixFuANaNs3C9l4GmrWqejgXWJ7BbJcFYpTEUkS1Ge8bpZQ=="],

    "w3c-xmlserializer": ["w3c-xmlserializer@5.0.0", "", { "dependencies": { "xml-name-validator": "^5.0.0" } }, "sha512-o8qghlI8NZHU1lLPrpi2+Uq7abh4GGPpYANlalzWxyWteJOCsr/P+oPBA49TOLu5FTZO4d3F9MnWJfiMo4BkmA=="],

    "webidl-conversions": ["webidl-conversions@7.0.0", "", {}, "sha512-VwddBukDzu71offAQR975unBIGqfKZpM+8ZX6ySk8nYhVoo5CYaZyzt3YBvYtRtO+aoGlqxPg/B87NGVZ/fu6g=="],

    "whatwg-encoding": ["whatwg-encoding@3.1.1", "", { "dependencies": { "iconv-lite": "0.6.3" } }, "sha512-6qN4hJdMwfYBtE3YBTTHhoeuUrDBPZmbQaxWAqSALV/MeEnR5z1xd8UKud2RAkFoPkmB+hli1TZSnyi84xz1vQ=="],

    "whatwg-mimetype": ["whatwg-mimetype@4.0.0", "", {}, "sha512-QaKxh0eNIi2mE9p2vEdzfagOKHCcj1pJ56EEHGQOVxp8r9/iszLUUV7v89x9O1p/T+NlTM5W7jW6+cz4Fq1YVg=="],

    "whatwg-url": ["whatwg-url@14.2.0", "", { "dependencies": { "tr46": "^5.1.0", "webidl-conversions": "^7.0.0" } }, "sha512-De72GdQZzNTUBBChsXueQUnPKDkg/5A5zp7pFDuQAj5UFoENpiACU0wlCvzpAGnTkj++ihpKwKyYewn/XNUbKw=="],

    "ws": ["ws@8.21.3", "", { "peerDependencies": { "bufferutil": "^4.0.1", "utf-8-validate": ">=5.0.2" }, "optionalPeers": ["bufferutil", "utf-8-validate"] }, "sha512-201TZ/kPWxoPr/OKWjquZR1SWKXcvxdH+e1xrx89b3YbmzLMFCLfnaG1HFIgWzJOEWZ7MvpK++odZufgYR50Rw=="],

    "wsl-utils": ["wsl-utils@1.0.0", "", { "dependencies": { "is-wsl": "^3.1.0", "powershell-utils": "^0.1.0" } }, "sha512-Hl0ZOAs672vg+06kfujwRhoS6/jehvULrlFkuF2dRu6pHgA8U06h3xqNIqNNU1LTXPcedxByAR4GS6pwQK0mgA=="],

    "xml-name-validator": ["xml-name-validator@5.0.0", "", {}, "sha512-EvGK8EJ3DhaHfbRlETOWAS5pO9MZITeauHKJyb8wyajUfQUenkIg2MvLDTZ4T/TgIcm3HU0TFBgWWboAZ30UHg=="],

    "xmlchars": ["xmlchars@2.2.0", "", {}, "sha512-JZnDKK8B0RCDw84FNdDAIpZK+JuJw+s7Lz8nksI7SIuU3UXJJslUthsi+uWBUYOwPFwW7W7PRLRfUKpxjtjFCw=="],

    "yaml": ["yaml@2.9.0", "", { "bin": { "yaml": "bin.mjs" } }, "sha512-2AvhNX3mb8zd6Zy7INTtSpl1F15HW6Wnqj0srWlkKLcpYl/gMIMJiyuGq2KeI2YFxUPjdlB+3Lc10seMLtL4cA=="],

    "zod": ["zod@4.4.3", "", {}, "sha512-ytENFjIJFl2UwYglde2jchW2Hwm4GJFLDiSXWdTrJQBIN9Fcyp7n4DhxJEiWNAJMV1/BqWfW/kkg71UDcHJyTQ=="],

    "@asamuzakjp/css-color/lru-cache": ["lru-cache@10.4.3", "", {}, "sha512-JNAzZcXrCt42VGLuYz0zfAzDfAvJWW6AfYlDBQyDV5DClI2m5sAmK+OIO7s59XfsRsWHp02jAJrRadPRGTt6SQ=="],

    "prompts/kleur": ["kleur@3.0.3", "", {}, "sha512-eTIzlVOSUR+JxdDFepEYcBMtZ9Qqdef+rnzWdRZuMbOywu5tO2w2N7rqjoANZ5k9vywhL6Br1VRjUIgTQx4E8w=="],

    "wsl-utils/powershell-utils": ["powershell-utils@0.1.0", "", {}, "sha512-dM0jVuXJPsDN6DvRpea484tCUaMiXWjuCn++HGTqUWzGDjv5tZkEZldAJ/UMlqRYGFrD/etByo4/xOuC/snX2A=="],
  }
}
